// !$*UTF8*$!
{
	archiveVersion = 1;
	classes = {
	};
	objectVersion = 71;
	objects = {

/* Begin PBXBuildFile section */
		0B1CF7BBBFE3053357AC7EAB /* ContextRestoreiOSApp.swift in Sources */ = {isa = PBXBuildFile; fileRef = C3FA2545B3E604B9EA55F057 /* ContextRestoreiOSApp.swift */; };
		65C1BA9A5D45D93424DE5C78 /* ContextRestoreIOSKit in Frameworks */ = {isa = PBXBuildFile; productRef = 8A1382F3C3B4F2385B81E8DA /* ContextRestoreIOSKit */; };
		9BF355F54AF17DCD947F7CEA /* Foundation.framework in Frameworks */ = {isa = PBXBuildFile; fileRef = DBB85D99C89BEEEAF4BD7850 /* Foundation.framework */; };
/* End PBXBuildFile section */

/* Begin PBXFileReference section */
		C3FA2545B3E604B9EA55F057 /* ContextRestoreiOSApp.swift */ = {isa = PBXFileReference; includeInIndex = 1; lastKnownFileType = sourcecode.swift; path = ContextRestoreiOSApp.swift; sourceTree = "<group>"; };
		D50FE02705352110C1716976 /* ContextRestoreiOS.app */ = {isa = PBXFileReference; explicitFileType = wrapper.application; includeInIndex = 0; path = ContextRestoreiOS.app; sourceTree = BUILT_PRODUCTS_DIR; };
		DBB85D99C89BEEEAF4BD7850 /* Foundation.framework */ = {isa = PBXFileReference; lastKnownFileType = wrapper.framework; name = Foundation.framework; path = Platforms/iPhoneOS.platform/Developer/SDKs/iPhoneOS18.0.sdk/System/Library/Frameworks/Foundation.framework; sourceTree = DEVELOPER_DIR; };
/* End PBXFileReference section */

/* Begin PBXFrameworksBuildPhase section */
		4B20B8AFBE01EF996F603BF0 /* Frameworks */ = {
			isa = PBXFrameworksBuildPhase;
			buildActionMask = 2147483647;
			files = (
				9BF355F54AF17DCD947F7CEA /* Foundation.framework in Frameworks */,
				65C1BA9A5D45D93424DE5C78 /* ContextRestoreIOSKit in Frameworks */,
			);
			runOnlyForDeploymentPostprocessing = 0;
		};
/* End PBXFrameworksBuildPhase section */

/* Begin PBXGroup section */
		4517A6F8CB21A5CA694941AE /* Products */ = {
			isa = PBXGroup;
			children = (
				D50FE02705352110C1716976 /* ContextRestoreiOS.app */,
			);
			name = Products;
			sourceTree = "<group>";
		};
		517BEDA7AC4F7D1254DE5B03 = {
			isa = PBXGroup;
			children = (
				4517A6F8CB21A5CA694941AE /* Products */,
				A461082B3DC4B0D7AD72EB60 /* Frameworks */,
				707C16EDC86FF3BC4CD8F7B3 /* ContextRestoreiOSApp */,
			);
			sourceTree = "<group>";
		};
		707C16EDC86FF3BC4CD8F7B3 /* ContextRestoreiOSApp */ = {
			isa = PBXGroup;
			children = (
				C3FA2545B3E604B9EA55F057 /* ContextRestoreiOSApp.swift */,
			);
			path = ContextRestoreiOSApp;
			sourceTree = "<group>";
		};
		A461082B3DC4B0D7AD72EB60 /* Frameworks */ = {
			isa = PBXGroup;
			children = (
				D7A51648E1D147A3E5D87164 /* iOS */,
			);
			name = Frameworks;
			sourceTree = "<group>";
		};
		D7A51648E1D147A3E5D87164 /* iOS */ = {
			isa = PBXGroup;
			children = (
				DBB85D99C89BEEEAF4BD7850 /* Foundation.framework */,
			);
			name = iOS;
			sourceTree = "<group>";
		};
/* End PBXGroup section */

/* Begin PBXNativeTarget section */
		D36C70464995509A4B2393EA /* ContextRestoreiOS */ = {
			isa = PBXNativeTarget;
			buildConfigurationList = 370727A9EC01677C7D8E93BB /* Build configuration list for PBXNativeTarget "ContextRestoreiOS" */;
			buildPhases = (
				5B62E5238CA4B7092EC7709E /* Sources */,
				4B20B8AFBE01EF996F603BF0 /* Frameworks */,
				2EDC8BE1D0EB8ED24EA7423F /* Resources */,
			);
			buildRules = (
			);
			dependencies = (
				801101D53C4C02E7087D4D1E /* PBXTargetDependency */,
			);
			name = ContextRestoreiOS;
			packageProductDependencies = (
				8A1382F3C3B4F2385B81E8DA /* ContextRestoreIOSKit */,
			);
			productName = ContextRestoreiOS;
			productReference = D50FE02705352110C1716976 /* ContextRestoreiOS.app */;
			productType = "com.apple.product-type.application";
		};
/* End PBXNativeTarget section */

/* Begin PBXProject section */
		AE4604852A3C72C528A31957 /* Project object */ = {
			isa = PBXProject;
			attributes = {
				LastSwiftUpdateCheck = 2630;
				LastUpgradeCheck = 2630;
			};
			buildConfigurationList = 99674D4FD5FE7A5B3DAE331C /* Build configuration list for PBXProject "ContextRestoreiOS" */;
			compatibilityVersion = "Xcode 16.0";
			developmentRegion = en;
			hasScannedForEncodings = 0;
			knownRegions = (
				en,
				Base,
			);
			mainGroup = 517BEDA7AC4F7D1254DE5B03;
			packageReferences = (
				787D5BAB5DDCA4BB3C34C8CE /* XCLocalSwiftPackageReference "app" */,
			);
			productRefGroup = 4517A6F8CB21A5CA694941AE /* Products */;
			projectDirPath = "";
			projectRoot = "";
			targets = (
				D36C70464995509A4B2393EA /* ContextRestoreiOS */,
			);
		};
/* End PBXProject section */

/* Begin PBXResourcesBuildPhase section */
		2EDC8BE1D0EB8ED24EA7423F /* Resources */ = {
			isa = PBXResourcesBuildPhase;
			buildActionMask = 2147483647;
			files = (
			);
			runOnlyForDeploymentPostprocessing = 0;
		};
/* End PBXResourcesBuildPhase section */

/* Begin PBXSourcesBuildPhase section */
		5B62E5238CA4B7092EC7709E /* Sources */ = {
			isa = PBXSourcesBuildPhase;
			buildActionMask = 2147483647;
			files = (
				0B1CF7BBBFE3053357AC7EAB /* ContextRestoreiOSApp.swift in Sources */,
			);
			runOnlyForDeploymentPostprocessing = 0;
		};
/* End PBXSourcesBuildPhase section */

/* Begin PBXTargetDependency section */
		801101D53C4C02E7087D4D1E /* PBXTargetDependency */ = {
			isa = PBXTargetDependency;
			productRef = 8A1382F3C3B4F2385B81E8DA /* ContextRestoreIOSKit */;
		};
/* End PBXTargetDependency section */

/* Begin XCBuildConfiguration section */
		01027446886D5BF1101CC920 /* Release */ = {
			isa = XCBuildConfiguration;
			buildSettings = {
				ASSETCATALOG_COMPILER_APPICON_NAME = AppIcon;
				ASSETCATALOG_COMPILER_GLOBAL_ACCENT_COLOR_NAME = AccentColor;
				CLANG_ENABLE_OBJC_WEAK = NO;
				CODE_SIGN_STYLE = Automatic;
				DEVELOPMENT_TEAM = 2Y75YCUARK;
					GENERATE_INFOPLIST_FILE = YES;
					INFOPLIST_KEY_UIApplicationSupportsIndirectInputEvents = YES;
					INFOPLIST_KEY_UIRequiresFullScreen = YES;
					INFOPLIST_KEY_UILaunchScreen_Generation = YES;
				IPHONEOS_DEPLOYMENT_TARGET = 17.0;
				LD_RUNPATH_SEARCH_PATHS = (
					"$(inherited)",
					"@executable_path/Frameworks",
				);
				PRODUCT_BUNDLE_IDENTIFIER = com.avitalmintz.ContextRestoreiOS;
				SDKROOT = iphoneos;
				SUPPORTED_PLATFORMS = "iphoneos iphonesimulator";
				SUPPORTS_MACCATALYST = NO;
				SWIFT_VERSION = 5.0;
				TARGETED_DEVICE_FAMILY = "1,2";
				VALIDATE_PRODUCT = YES;
			};
			name = Release;
		};
		AD9AFC22F048C2D9BDAB6BF4 /* Release */ = {
			isa = XCBuildConfiguration;
			buildSettings = {
				ALWAYS_SEARCH_USER_PATHS = NO;
				CLANG_ANALYZER_NONNULL = YES;
				CLANG_ANALYZER_NUMBER_OBJECT_CONVERSION = YES_AGGRESSIVE;
				CLANG_CXX_LANGUAGE_STANDARD = "gnu++14";
				CLANG_CXX_LIBRARY = "libc++";
				CLANG_ENABLE_MODULES = YES;
				CLANG_ENABLE_OBJC_ARC = YES;
				CLANG_ENABLE_OBJC_WEAK = YES;
				CLANG_WARN_BLOCK_CAPTURE_AUTORELEASING = YES;
				CLANG_WARN_BOOL_CONVERSION = YES;
				CLANG_WARN_COMMA = YES;
				CLANG_WARN_CONSTANT_CONVERSION = YES;
				CLANG_WARN_DEPRECATED_OBJC_IMPLEMENTATIONS = YES;
				CLANG_WARN_DIRECT_OBJC_ISA_USAGE = YES_ERROR;
				CLANG_WARN_DOCUMENTATION_COMMENTS = YES;
				CLANG_WARN_EMPTY_BODY = YES;
				CLANG_WARN_ENUM_CONVERSION = YES;
				CLANG_WARN_INFINITE_RECURSION = YES;
				CLANG_WARN_INT_CONVERSION = YES;
				CLANG_WARN_NON_LITERAL_NULL_CONVERSION = YES;
				CLANG_WARN_OBJC_IMPLICIT_RETAIN_SELF = YES;
				CLANG_WARN_OBJC_LITERAL_CONVERSION = YES;
				CLANG_WARN_OBJC_ROOT_CLASS = YES_ERROR;
				CLANG_WARN_QUOTED_INCLUDE_IN_FRAMEWORK_HEADER = YES;
				CLANG_WARN_RANGE_LOOP_ANALYSIS = YES;
				CLANG_WARN_STRICT_PROTOTYPES = YES;
				CLANG_WARN_SUSPICIOUS_MOVE = YES;
				CLANG_WARN_UNGUARDED_AVAILABILITY = YES_AGGRESSIVE;
				CLANG_WARN_UNREACHABLE_CODE = YES;
				CLANG_WARN__DUPLICATE_METHOD_MATCH = YES;
				COPY_PHASE_STRIP = NO;
				DEBUG_INFORMATION_FORMAT = "dwarf-with-dsym";
				ENABLE_NS_ASSERTIONS = NO;
				ENABLE_STRICT_OBJC_MSGSEND = YES;
				GCC_C_LANGUAGE_STANDARD = gnu11;
				GCC_NO_COMMON_BLOCKS = YES;
				GCC_WARN_64_TO_32_BIT_CONVERSION = YES;
				GCC_WARN_ABOUT_RETURN_TYPE = YES_ERROR;
				GCC_WARN_UNDECLARED_SELECTOR = YES;
				GCC_WARN_UNINITIALIZED_AUTOS = YES_AGGRESSIVE;
				GCC_WARN_UNUSED_FUNCTION = YES;
				GCC_WARN_UNUSED_VARIABLE = YES;
				MTL_ENABLE_DEBUG_INFO = NO;
				MTL_FAST_MATH = YES;
				PRODUCT_NAME = "$(TARGET_NAME)";
				SWIFT_COMPILATION_MODE = wholemodule;
				SWIFT_OPTIMIZATION_LEVEL = "-O";
				SWIFT_VERSION = 5.0;
			};
			name = Release;
		};
		C059E57DA87B755B23E04A25 /* Debug */ = {
			isa = XCBuildConfiguration;
			buildSettings = {
				ASSETCATALOG_COMPILER_APPICON_NAME = AppIcon;
				ASSETCATALOG_COMPILER_GLOBAL_ACCENT_COLOR_NAME = AccentColor;
				CLANG_ENABLE_OBJC_WEAK = NO;
				CODE_SIGN_STYLE = Automatic;
				DEVELOPMENT_TEAM = 2Y75YCUARK;
					GENERATE_INFOPLIST_FILE = YES;
					INFOPLIST_KEY_UIApplicationSupportsIndirectInputEvents = YES;
					INFOPLIST_KEY_UIRequiresFullScreen = YES;
					INFOPLIST_KEY_UILaunchScreen_Generation = YES;
				IPHONEOS_DEPLOYMENT_TARGET = 17.0;
				LD_RUNPATH_SEARCH_PATHS = (
					"$(inherited)",
					"@executable_path/Frameworks",
				);
				PRODUCT_BUNDLE_IDENTIFIER = com.avitalmintz.ContextRestoreiOS;
				SDKROOT = iphoneos;
				SUPPORTED_PLATFORMS = "iphoneos iphonesimulator";
				SUPPORTS_MACCATALYST = NO;
				SWIFT_OPTIMIZATION_LEVEL = "-Onone";
				SWIFT_VERSION = 5.0;
				TARGETED_DEVICE_FAMILY = "1,2";
			};
			name = Debug;
		};
		CD1FC5D6986B2A1C24CC9487 /* Debug */ = {
			isa = XCBuildConfiguration;
			buildSettings = {
				ALWAYS_SEARCH_USER_PATHS = NO;
				CLANG_ANALYZER_NONNULL = YES;
				CLANG_ANALYZER_NUMBER_OBJECT_CONVERSION = YES_AGGRESSIVE;
				CLANG_CXX_LANGUAGE_STANDARD = "gnu++14";
				CLANG_CXX_LIBRARY = "libc++";
				CLANG_ENABLE_MODULES = YES;
				CLANG_ENABLE_OBJC_ARC = YES;
				CLANG_ENABLE_OBJC_WEAK = YES;
				CLANG_WARN_BLOCK_CAPTURE_AUTORELEASING = YES;
				CLANG_WARN_BOOL_CONVERSION = YES;
				CLANG_WARN_COMMA = YES;
				CLANG_WARN_CONSTANT_CONVERSION = YES;
				CLANG_WARN_DEPRECATED_OBJC_IMPLEMENTATIONS = YES;
				CLANG_WARN_DIRECT_OBJC_ISA_USAGE = YES_ERROR;
				CLANG_WARN_DOCUMENTATION_COMMENTS = YES;
				CLANG_WARN_EMPTY_BODY = YES;
				CLANG_WARN_ENUM_CONVERSION = YES;
				CLANG_WARN_INFINITE_RECURSION = YES;
				CLANG_WARN_INT_CONVERSION = YES;
				CLANG_WARN_NON_LITERAL_NULL_CONVERSION = YES;
				CLANG_WARN_OBJC_IMPLICIT_RETAIN_SELF = YES;
				CLANG_WARN_OBJC_LITERAL_CONVERSION = YES;
				CLANG_WARN_OBJC_ROOT_CLASS = YES_ERROR;
				CLANG_WARN_QUOTED_INCLUDE_IN_FRAMEWORK_HEADER = YES;
				CLANG_WARN_RANGE_LOOP_ANALYSIS = YES;
				CLANG_WARN_STRICT_PROTOTYPES = YES;
				CLANG_WARN_SUSPICIOUS_MOVE = YES;
				CLANG_WARN_UNGUARDED_AVAILABILITY = YES_AGGRESSIVE;
				CLANG_WARN_UNREACHABLE_CODE = YES;
				CLANG_WARN__DUPLICATE_METHOD_MATCH = YES;
				COPY_PHASE_STRIP = NO;
				DEBUG_INFORMATION_FORMAT = dwarf;
				ENABLE_STRICT_OBJC_MSGSEND = YES;
				ENABLE_TESTABILITY = YES;
				GCC_C_LANGUAGE_STANDARD = gnu11;
				GCC_DYNAMIC_NO_PIC = NO;
				GCC_NO_COMMON_BLOCKS = YES;
				GCC_OPTIMIZATION_LEVEL = 0;
				GCC_PREPROCESSOR_DEFINITIONS = (
					"DEBUG=1",
					"$(inherited)",
				);
				GCC_WARN_64_TO_32_BIT_CONVERSION = YES;
				GCC_WARN_ABOUT_RETURN_TYPE = YES_ERROR;
				GCC_WARN_UNDECLARED_SELECTOR = YES;
				GCC_WARN_UNINITIALIZED_AUTOS = YES_AGGRESSIVE;
				GCC_WARN_UNUSED_FUNCTION = YES;
				GCC_WARN_UNUSED_VARIABLE = YES;
				MTL_ENABLE_DEBUG_INFO = INCLUDE_SOURCE;
				MTL_FAST_MATH = YES;
				ONLY_ACTIVE_ARCH = YES;
				PRODUCT_NAME = "$(TARGET_NAME)";
				SWIFT_ACTIVE_COMPILATION_CONDITIONS = DEBUG;
				SWIFT_OPTIMIZATION_LEVEL = "-Onone";
				SWIFT_VERSION = 5.0;
			};
			name = Debug;
		};
/* End XCBuildConfiguration section */

/* Begin XCConfigurationList section */
		370727A9EC01677C7D8E93BB /* Build configuration list for PBXNativeTarget "ContextRestoreiOS" */ = {
			isa = XCConfigurationList;
			buildConfigurations = (
				01027446886D5BF1101CC920 /* Release */,
				C059E57DA87B755B23E04A25 /* Debug */,
			);
			defaultConfigurationIsVisible = 0;
			defaultConfigurationName = Release;
		};
		99674D4FD5FE7A5B3DAE331C /* Build configuration list for PBXProject "ContextRestoreiOS" */ = {
			isa = XCConfigurationList;
			buildConfigurations = (
				CD1FC5D6986B2A1C24CC9487 /* Debug */,
				AD9AFC22F048C2D9BDAB6BF4 /* Release */,
			);
			defaultConfigurationIsVisible = 0;
			defaultConfigurationName = Release;
		};
/* End XCConfigurationList section */

/* Begin XCLocalSwiftPackageReference section */
		787D5BAB5DDCA4BB3C34C8CE /* XCLocalSwiftPackageReference "app" */ = {
			isa = XCLocalSwiftPackageReference;
			relativePath = app;
		};
/* End XCLocalSwiftPackageReference section */

/* Begin XCSwiftPackageProductDependency section */
		8A1382F3C3B4F2385B81E8DA /* ContextRestoreIOSKit */ = {
			isa = XCSwiftPackageProductDependency;
			package = 787D5BAB5DDCA4BB3C34C8CE /* XCLocalSwiftPackageReference "app" */;
			productName = ContextRestoreIOSKit;
		};
/* End XCSwiftPackageProductDependency section */
	};
	rootObject = AE4604852A3C72C528A31957 /* Project object */;
}
